
Microsoft Visual Studio Solution File, Format Version 12.00
# Visual Studio 2012
Project("{FAE04EC0-301F-11D3-BF4B-00C04F79EFBC}") = "MvvmMobile.iOS", "MvvmMobile.iOS\MvvmMobile.iOS.csproj", "{DDF2EC42-58BE-4B77-B780-33A01173D525}"
EndProject
Project("{FAE04EC0-301F-11D3-BF4B-00C04F79EFBC}") = "MvvmMobile.Droid", "MvvmMobile.Droid\MvvmMobile.Droid.csproj", "{E5C5B57C-B8B7-400B-8C3B-E948ABC0FED6}"
EndProject
Project("{2150E333-8FDC-42A3-9474-1A3956D46DE8}") = "Samples", "Samples", "{E3E4D709-8EF1-4A9B-A1E4-B42D4D7FEBE8}"
EndProject
Project("{FAE04EC0-301F-11D3-BF4B-00C04F79EFBC}") = "MvvmMobile.Sample.Droid", "Samples\MvvmMobile.Sample.Droid\MvvmMobile.Sample.Droid.csproj", "{75B21CCE-D71F-4572-B048-D78CCCABB0B9}"
EndProject
Project("{FAE04EC0-301F-11D3-BF4B-00C04F79EFBC}") = "MvvmMobile.Sample.iOS", "Samples\MvvmMobile.Sample.iOS\MvvmMobile.Sample.iOS.csproj", "{84967BF3-AEF9-455F-A5D4-576942F4A0D0}"
EndProject
Project("{FAE04EC0-301F-11D3-BF4B-00C04F79EFBC}") = "MvvmMobile.Sample.Tests", "Samples\MvvmMobile.Sample.Tests\MvvmMobile.Sample.Tests.csproj", "{946AE238-D78F-4B67-9333-47ACE84EC59C}"
EndProject
Project("{FAE04EC0-301F-11D3-BF4B-00C04F79EFBC}") = "MvvmMobile.Core", "MvvmMobile.Core\MvvmMobile.Core.csproj", "{55109E7C-3DAB-48AE-BCBC-EE3142F82A6C}"
EndProject
Project("{FAE04EC0-301F-11D3-BF4B-00C04F79EFBC}") = "MvvmMobile.Sample.Core", "Samples\MvvmMobile.Sample.Core\MvvmMobile.Sample.Core.csproj", "{5F09DF70-0F13-45B4-A9AD-A56129FEBE28}"
EndProject
Global
	GlobalSection(SolutionConfigurationPlatforms) = preSolution
		Debug|Any CPU = Debug|Any CPU
		Release|Any CPU = Release|Any CPU
		Debug|iPhoneSimulator = Debug|iPhoneSimulator
		Release|iPhone = Release|iPhone
		Release|iPhoneSimulator = Release|iPhoneSimulator
		Debug|iPhone = Debug|iPhone
	EndGlobalSection
	GlobalSection(ProjectConfigurationPlatforms) = postSolution
		{DDF2EC42-58BE-4B77-B780-33A01173D525}.Debug|Any CPU.ActiveCfg = Debug|Any CPU
		{DDF2EC42-58BE-4B77-B780-33A01173D525}.Debug|Any CPU.Build.0 = Debug|Any CPU
		{DDF2EC42-58BE-4B77-B780-33A01173D525}.Release|Any CPU.ActiveCfg = Release|Any CPU
		{DDF2EC42-58BE-4B77-B780-33A01173D525}.Release|Any CPU.Build.0 = Release|Any CPU
		{DDF2EC42-58BE-4B77-B780-33A01173D525}.Debug|iPhoneSimulator.ActiveCfg = Debug|Any CPU
		{DDF2EC42-58BE-4B77-B780-33A01173D525}.Debug|iPhoneSimulator.Build.0 = Debug|Any CPU
		{DDF2EC42-58BE-4B77-B780-33A01173D525}.Release|iPhone.ActiveCfg = Release|Any CPU
		{DDF2EC42-58BE-4B77-B780-33A01173D525}.Release|iPhone.Build.0 = Release|Any CPU
		{DDF2EC42-58BE-4B77-B780-33A01173D525}.Release|iPhoneSimulator.ActiveCfg = Release|Any CPU
		{DDF2EC42-58BE-4B77-B780-33A01173D525}.Release|iPhoneSimulator.Build.0 = Release|Any CPU
		{DDF2EC42-58BE-4B77-B780-33A01173D525}.Debug|iPhone.ActiveCfg = Debug|Any CPU
		{DDF2EC42-58BE-4B77-B780-33A01173D525}.Debug|iPhone.Build.0 = Debug|Any CPU
		{E5C5B57C-B8B7-400B-8C3B-E948ABC0FED6}.Debug|Any CPU.ActiveCfg = Debug|Any CPU
		{E5C5B57C-B8B7-400B-8C3B-E948ABC0FED6}.Debug|Any CPU.Build.0 = Debug|Any CPU
		{E5C5B57C-B8B7-400B-8C3B-E948ABC0FED6}.Release|Any CPU.ActiveCfg = Release|Any CPU
		{E5C5B57C-B8B7-400B-8C3B-E948ABC0FED6}.Release|Any CPU.Build.0 = Release|Any CPU
		{E5C5B57C-B8B7-400B-8C3B-E948ABC0FED6}.Debug|iPhoneSimulator.ActiveCfg = Debug|Any CPU
		{E5C5B57C-B8B7-400B-8C3B-E948ABC0FED6}.Debug|iPhoneSimulator.Build.0 = Debug|Any CPU
		{E5C5B57C-B8B7-400B-8C3B-E948ABC0FED6}.Release|iPhone.ActiveCfg = Release|Any CPU
		{E5C5B57C-B8B7-400B-8C3B-E948ABC0FED6}.Release|iPhone.Build.0 = Release|Any CPU
		{E5C5B57C-B8B7-400B-8C3B-E948ABC0FED6}.Release|iPhoneSimulator.ActiveCfg = Release|Any CPU
		{E5C5B57C-B8B7-400B-8C3B-E948ABC0FED6}.Release|iPhoneSimulator.Build.0 = Release|Any CPU
		{E5C5B57C-B8B7-400B-8C3B-E948ABC0FED6}.Debug|iPhone.ActiveCfg = Debug|Any CPU
		{E5C5B57C-B8B7-400B-8C3B-E948ABC0FED6}.Debug|iPhone.Build.0 = Debug|Any CPU
		{75B21CCE-D71F-4572-B048-D78CCCABB0B9}.Debug|Any CPU.ActiveCfg = Debug|Any CPU
		{75B21CCE-D71F-4572-B048-D78CCCABB0B9}.Debug|Any CPU.Build.0 = Debug|Any CPU
		{75B21CCE-D71F-4572-B048-D78CCCABB0B9}.Release|Any CPU.ActiveCfg = Release|Any CPU
		{75B21CCE-D71F-4572-B048-D78CCCABB0B9}.Release|Any CPU.Build.0 = Release|Any CPU
		{75B21CCE-D71F-4572-B048-D78CCCABB0B9}.Debug|iPhoneSimulator.ActiveCfg = Debug|Any CPU
		{75B21CCE-D71F-4572-B048-D78CCCABB0B9}.Debug|iPhoneSimulator.Build.0 = Debug|Any CPU
		{75B21CCE-D71F-4572-B048-D78CCCABB0B9}.Release|iPhone.ActiveCfg = Release|Any CPU
		{75B21CCE-D71F-4572-B048-D78CCCABB0B9}.Release|iPhone.Build.0 = Release|Any CPU
		{75B21CCE-D71F-4572-B048-D78CCCABB0B9}.Release|iPhoneSimulator.ActiveCfg = Release|Any CPU
		{75B21CCE-D71F-4572-B048-D78CCCABB0B9}.Release|iPhoneSimulator.Build.0 = Release|Any CPU
		{75B21CCE-D71F-4572-B048-D78CCCABB0B9}.Debug|iPhone.ActiveCfg = Debug|Any CPU
		{75B21CCE-D71F-4572-B048-D78CCCABB0B9}.Debug|iPhone.Build.0 = Debug|Any CPU
		{84967BF3-AEF9-455F-A5D4-576942F4A0D0}.Debug|Any CPU.ActiveCfg = Debug|iPhoneSimulator
		{84967BF3-AEF9-455F-A5D4-576942F4A0D0}.Debug|Any CPU.Build.0 = Debug|iPhoneSimulator
		{84967BF3-AEF9-455F-A5D4-576942F4A0D0}.Release|Any CPU.ActiveCfg = Release|iPhone
		{84967BF3-AEF9-455F-A5D4-576942F4A0D0}.Release|Any CPU.Build.0 = Release|iPhone
		{84967BF3-AEF9-455F-A5D4-576942F4A0D0}.Debug|iPhoneSimulator.ActiveCfg = Debug|iPhoneSimulator
		{84967BF3-AEF9-455F-A5D4-576942F4A0D0}.Debug|iPhoneSimulator.Build.0 = Debug|iPhoneSimulator
		{84967BF3-AEF9-455F-A5D4-576942F4A0D0}.Release|iPhone.ActiveCfg = Release|iPhone
		{84967BF3-AEF9-455F-A5D4-576942F4A0D0}.Release|iPhone.Build.0 = Release|iPhone
		{84967BF3-AEF9-455F-A5D4-576942F4A0D0}.Release|iPhoneSimulator.ActiveCfg = Release|iPhoneSimulator
		{84967BF3-AEF9-455F-A5D4-576942F4A0D0}.Release|iPhoneSimulator.Build.0 = Release|iPhoneSimulator
		{84967BF3-AEF9-455F-A5D4-576942F4A0D0}.Debug|iPhone.ActiveCfg = Debug|iPhone
		{84967BF3-AEF9-455F-A5D4-576942F4A0D0}.Debug|iPhone.Build.0 = Debug|iPhone
		{946AE238-D78F-4B67-9333-47ACE84EC59C}.Debug|Any CPU.ActiveCfg = Debug|Any CPU
		{946AE238-D78F-4B67-9333-47ACE84EC59C}.Debug|Any CPU.Build.0 = Debug|Any CPU
		{946AE238-D78F-4B67-9333-47ACE84EC59C}.Release|Any CPU.ActiveCfg = Release|Any CPU
		{946AE238-D78F-4B67-9333-47ACE84EC59C}.Release|Any CPU.Build.0 = Release|Any CPU
		{946AE238-D78F-4B67-9333-47ACE84EC59C}.Debug|iPhoneSimulator.ActiveCfg = Debug|Any CPU
		{946AE238-D78F-4B67-9333-47ACE84EC59C}.Debug|iPhoneSimulator.Build.0 = Debug|Any CPU
		{946AE238-D78F-4B67-9333-47ACE84EC59C}.Release|iPhone.ActiveCfg = Release|Any CPU
		{946AE238-D78F-4B67-9333-47ACE84EC59C}.Release|iPhone.Build.0 = Release|Any CPU
		{946AE238-D78F-4B67-9333-47ACE84EC59C}.Release|iPhoneSimulator.ActiveCfg = Release|Any CPU
		{946AE238-D78F-4B67-9333-47ACE84EC59C}.Release|iPhoneSimulator.Build.0 = Release|Any CPU
		{946AE238-D78F-4B67-9333-47ACE84EC59C}.Debug|iPhone.ActiveCfg = Debug|Any CPU
		{946AE238-D78F-4B67-9333-47ACE84EC59C}.Debug|iPhone.Build.0 = Debug|Any CPU
		{55109E7C-3DAB-48AE-BCBC-EE3142F82A6C}.Debug|Any CPU.ActiveCfg = Debug|Any CPU
		{55109E7C-3DAB-48AE-BCBC-EE3142F82A6C}.Debug|Any CPU.Build.0 = Debug|Any CPU
		{55109E7C-3DAB-48AE-BCBC-EE3142F82A6C}.Release|Any CPU.ActiveCfg = Release|Any CPU
		{55109E7C-3DAB-48AE-BCBC-EE3142F82A6C}.Release|Any CPU.Build.0 = Release|Any CPU
		{55109E7C-3DAB-48AE-BCBC-EE3142F82A6C}.Debug|iPhoneSimulator.ActiveCfg = Debug|Any CPU
		{55109E7C-3DAB-48AE-BCBC-EE3142F82A6C}.Debug|iPhoneSimulator.Build.0 = Debug|Any CPU
		{55109E7C-3DAB-48AE-BCBC-EE3142F82A6C}.Release|iPhone.ActiveCfg = Release|Any CPU
		{55109E7C-3DAB-48AE-BCBC-EE3142F82A6C}.Release|iPhone.Build.0 = Release|Any CPU
		{55109E7C-3DAB-48AE-BCBC-EE3142F82A6C}.Release|iPhoneSimulator.ActiveCfg = Release|Any CPU
		{55109E7C-3DAB-48AE-BCBC-EE3142F82A6C}.Release|iPhoneSimulator.Build.0 = Release|Any CPU
		{55109E7C-3DAB-48AE-BCBC-EE3142F82A6C}.Debug|iPhone.ActiveCfg = Debug|Any CPU
		{55109E7C-3DAB-48AE-BCBC-EE3142F82A6C}.Debug|iPhone.Build.0 = Debug|Any CPU
		{5F09DF70-0F13-45B4-A9AD-A56129FEBE28}.Debug|Any CPU.ActiveCfg = Debug|Any CPU
		{5F09DF70-0F13-45B4-A9AD-A56129FEBE28}.Debug|Any CPU.Build.0 = Debug|Any CPU
		{5F09DF70-0F13-45B4-A9AD-A56129FEBE28}.Release|Any CPU.ActiveCfg = Release|Any CPU
		{5F09DF70-0F13-45B4-A9AD-A56129FEBE28}.Release|Any CPU.Build.0 = Release|Any CPU
		{5F09DF70-0F13-45B4-A9AD-A56129FEBE28}.Debug|iPhoneSimulator.ActiveCfg = Debug|Any CPU
		{5F09DF70-0F13-45B4-A9AD-A56129FEBE28}.Debug|iPhoneSimulator.Build.0 = Debug|Any CPU
		{5F09DF70-0F13-45B4-A9AD-A56129FEBE28}.Release|iPhone.ActiveCfg = Release|Any CPU
		{5F09DF70-0F13-45B4-A9AD-A56129FEBE28}.Release|iPhone.Build.0 = Release|Any CPU
		{5F09DF70-0F13-45B4-A9AD-A56129FEBE28}.Release|iPhoneSimulator.ActiveCfg = Release|Any CPU
		{5F09DF70-0F13-45B4-A9AD-A56129FEBE28}.Release|iPhoneSimulator.Build.0 = Release|Any CPU
		{5F09DF70-0F13-45B4-A9AD-A56129FEBE28}.Debug|iPhone.ActiveCfg = Debug|Any CPU
		{5F09DF70-0F13-45B4-A9AD-A56129FEBE28}.Debug|iPhone.Build.0 = Debug|Any CPU
	EndGlobalSection
	GlobalSection(NestedProjects) = preSolution
		{75B21CCE-D71F-4572-B048-D78CCCABB0B9} = {E3E4D709-8EF1-4A9B-A1E4-B42D4D7FEBE8}
		{84967BF3-AEF9-455F-A5D4-576942F4A0D0} = {E3E4D709-8EF1-4A9B-A1E4-B42D4D7FEBE8}
		{946AE238-D78F-4B67-9333-47ACE84EC59C} = {E3E4D709-8EF1-4A9B-A1E4-B42D4D7FEBE8}
		{5F09DF70-0F13-45B4-A9AD-A56129FEBE28} = {E3E4D709-8EF1-4A9B-A1E4-B42D4D7FEBE8}
	EndGlobalSection
EndGlobal
